# This file is automatically @generated by Cargo.
# It is not intended for manual editing.
version = 3

[[package]]
name = "addr2line"
version = "0.24.2"
source = "registry+https://github.com/rust-lang/crates.io-index"
checksum = "dfbe277e56a376000877090da837660b4427aad530e3028d44e0bffe4f89a1c1"
dependencies = [
 "gimli",
]

[[package]]
name = "adler2"
version = "2.0.0"
source = "registry+https://github.com/rust-lang/crates.io-index"
checksum = "512761e0bb2578dd7380c6baaa0f4ce03e84f95e960231d1dec8bf4d7d6e2627"

[[package]]
name = "afl"
version = "0.15.11"
source = "registry+https://github.com/rust-lang/crates.io-index"
checksum = "80bb240a3b9ff18002142c1a736e98046461d51a694d687c3e7329b456ab0fe4"
dependencies = [
 "home",
 "libc",
 "rustc_version",
 "xdg",
]

[[package]]
name = "aho-corasick"
version = "1.1.3"
source = "registry+https://github.com/rust-lang/crates.io-index"
checksum = "8e60d3430d3a69478ad0993f19238d2df97c507009a52b3c10addcd7f6bcb916"
dependencies = [
 "memchr",
]

[[package]]
name = "apple-sdk"
version = "0.6.0"
source = "registry+https://github.com/rust-lang/crates.io-index"
checksum = "989b0d72f39d25f31c97729bdde1f3369d4ec0beece0cdcd817fc8baf9932c21"

[[package]]
name = "arbitrary"
version = "1.4.1"
source = "registry+https://github.com/rust-lang/crates.io-index"
checksum = "dde20b3d026af13f561bdd0f15edf01fc734f0dafcedbaf42bba506a9517f223"
dependencies = [
 "derive_arbitrary",
]

[[package]]
name = "atty"
version = "0.2.14"
source = "registry+https://github.com/rust-lang/crates.io-index"
checksum = "d9b39be18770d11421cdb1b9947a45dd3f37e93092cbf377614828a319d5fee8"
dependencies = [
 "hermit-abi",
 "libc",
 "winapi",
]

[[package]]
name = "autocfg"
version = "1.4.0"
source = "registry+https://github.com/rust-lang/crates.io-index"
checksum = "ace50bade8e6234aa140d9a2f552bbee1db4d353f69b8217bc503490fc1a9f26"

[[package]]
name = "backtrace"
version = "0.3.74"
source = "registry+https://github.com/rust-lang/crates.io-index"
checksum = "8d82cb332cdfaed17ae235a638438ac4d4839913cc2af585c3c6746e8f8bee1a"
dependencies = [
 "addr2line",
 "cfg-if",
 "libc",
 "miniz_oxide",
 "object",
 "rustc-demangle",
 "windows-targets",
]

[[package]]
name = "basic-toml"
version = "0.1.9"
source = "registry+https://github.com/rust-lang/crates.io-index"
checksum = "823388e228f614e9558c6804262db37960ec8821856535f5c3f59913140558f8"
dependencies = [
 "serde",
]

[[package]]
name = "bitflags"
version = "2.6.0"
source = "registry+https://github.com/rust-lang/crates.io-index"
checksum = "b048fb63fd8b5923fc5aa7b340d8e156aec7ec02f0c78fa8a6ddc2613f6f71de"

[[package]]
name = "block2"
version = "0.6.0"
dependencies = [
 "objc2",
 "objc2-foundation",
]

[[package]]
name = "camino"
version = "1.1.9"
source = "registry+https://github.com/rust-lang/crates.io-index"
checksum = "8b96ec4966b5813e2c0507c1f86115c8c5abaadc3980879c3424042a02fd1ad3"
dependencies = [
 "serde",
]

[[package]]
name = "cargo-platform"
version = "0.1.8"
source = "registry+https://github.com/rust-lang/crates.io-index"
checksum = "24b1f0365a6c6bb4020cd05806fd0d33c44d38046b8bd7f0e40814b9763cabfc"
dependencies = [
 "serde",
]

[[package]]
name = "cargo_metadata"
version = "0.18.1"
source = "registry+https://github.com/rust-lang/crates.io-index"
checksum = "2d886547e41f740c616ae73108f6eb70afe6d940c7bc697cb30f13daec073037"
dependencies = [
 "camino",
 "cargo-platform",
 "semver",
 "serde",
 "serde_json",
 "thiserror",
]

[[package]]
name = "cc"
version = "1.2.0"
source = "registry+https://github.com/rust-lang/crates.io-index"
checksum = "1aeb932158bd710538c73702db6945cb68a8fb08c519e6e12706b94263b36db8"
dependencies = [
 "jobserver",
 "libc",
 "shlex",
]

[[package]]
name = "cfg-if"
version = "1.0.0"
source = "registry+https://github.com/rust-lang/crates.io-index"
checksum = "baf1de4339761588bc0619e3cbc0120ee582ebb74b53b4efbf79117bd2da40fd"

[[package]]
name = "clang"
version = "2.0.0"
source = "git+https://github.com/madsmtm/clang-rs.git?branch=objc2#a4c9913a714541c53e3dba59220c14362bf7ad80"
dependencies = [
 "clang-sys",
 "libc",
]

[[package]]
name = "clang-sys"
version = "1.8.1"
source = "registry+https://github.com/rust-lang/crates.io-index"
checksum = "0b023947811758c97c59bf9d1c188fd619ad4718dcaa767947df1cadb14f39f4"
dependencies = [
 "glob",
 "libc",
 "libloading",
]

[[package]]
name = "core-foundation"
version = "0.10.0"
source = "registry+https://github.com/rust-lang/crates.io-index"
checksum = "b55271e5c8c478ad3f38ad24ef34923091e0548492a266d19b3c0b4d82574c63"
dependencies = [
 "core-foundation-sys",
 "libc",
]

[[package]]
name = "core-foundation-sys"
version = "0.8.7"
source = "registry+https://github.com/rust-lang/crates.io-index"
checksum = "773648b94d0e5d620f64f280777445740e61fe701025087ec8b57f45c791888b"

[[package]]
name = "derive_arbitrary"
version = "1.4.1"
source = "registry+https://github.com/rust-lang/crates.io-index"
checksum = "30542c1ad912e0e3d22a1935c290e12e8a29d704a420177a31faad4a601a0800"
dependencies = [
 "proc-macro2",
 "quote",
 "syn",
]

[[package]]
name = "dispatch2"
version = "0.2.0"
dependencies = [
 "bitflags",
 "block2",
 "libc",
 "objc2",
 "static_assertions",
]

[[package]]
name = "equivalent"
version = "1.0.1"
source = "registry+https://github.com/rust-lang/crates.io-index"
checksum = "5443807d6dff69373d433ab9ef5378ad8df50ca6298caf15de6e52e24aaf54d5"

[[package]]
name = "four-char-code"
version = "2.2.0"
source = "registry+https://github.com/rust-lang/crates.io-index"
checksum = "c661315fd366b2a1f970df7b7cb1a28d2678d49ef4872f7dcc19b4a83150f20b"

[[package]]
name = "gimli"
version = "0.31.1"
source = "registry+https://github.com/rust-lang/crates.io-index"
checksum = "07e28edb80900c19c28f1072f2e8aeca7fa06b23cd4169cefe1af5aa3260783f"

[[package]]
name = "glob"
version = "0.3.1"
source = "registry+https://github.com/rust-lang/crates.io-index"
checksum = "d2fabcfbdc87f4758337ca535fb41a6d701b65693ce38287d856d1674551ec9b"

[[package]]
name = "hashbrown"
version = "0.15.1"
source = "registry+https://github.com/rust-lang/crates.io-index"
checksum = "3a9bfc1af68b1726ea47d3d5109de126281def866b33970e10fbab11b5dafab3"

[[package]]
name = "header-translator"
version = "0.1.0"
dependencies = [
 "apple-sdk",
 "basic-toml",
 "clang",
 "clang-sys",
 "four-char-code",
 "heck",
 "lenient_semver_parser",
 "proc-macro2",
 "regex",
 "semver",
 "serde",
 "syn",
 "toml_edit",
 "tracing",
 "tracing-subscriber",
 "tracing-tree",
]

[[package]]
name = "heck"
version = "0.5.0"
source = "registry+https://github.com/rust-lang/crates.io-index"
checksum = "2304e00983f87ffb38b55b444b5e3b60a884b5d30c0fca7d82fe33449bbe55ea"

[[package]]
name = "hermit-abi"
version = "0.1.19"
source = "registry+https://github.com/rust-lang/crates.io-index"
checksum = "62b467343b94ba476dcb2500d242dadbb39557df889310ac77c5d99100aaac33"
dependencies = [
 "libc",
]

[[package]]
name = "home"
version = "0.5.9"
source = "registry+https://github.com/rust-lang/crates.io-index"
checksum = "e3d1354bf6b7235cb4a0576c2619fd4ed18183f689b12b006a0ee7329eeff9a5"
dependencies = [
 "windows-sys 0.52.0",
]

[[package]]
name = "iai"
version = "0.1.1"
source = "git+https://github.com/madsmtm/iai?branch=callgrind#c19e72306bef1a8a53305a926524e710a937eba0"
dependencies = [
 "cfg-if",
]

[[package]]
name = "indexmap"
version = "2.6.0"
source = "registry+https://github.com/rust-lang/crates.io-index"
checksum = "707907fe3c25f5424cce2cb7e1cbcafee6bdbe735ca90ef77c29e84591e5b9da"
dependencies = [
 "equivalent",
 "hashbrown",
]

[[package]]
name = "itoa"
version = "1.0.11"
source = "registry+https://github.com/rust-lang/crates.io-index"
checksum = "49f1f14873335454500d59611f1cf4a4b0f786f9ac11f4312a78e4cf2566695b"

[[package]]
name = "jobserver"
version = "0.1.32"
source = "registry+https://github.com/rust-lang/crates.io-index"
checksum = "48d1dbcbbeb6a7fec7e059840aa538bd62aaccf972c7346c4d9d2059312853d0"
dependencies = [
 "libc",
]

[[package]]
name = "lazy_static"
version = "1.5.0"
source = "registry+https://github.com/rust-lang/crates.io-index"
checksum = "bbd2bcb4c963f2ddae06a2efc7e9f3591312473c50c6685e1f298068316e66fe"

[[package]]
name = "lenient_semver_parser"
version = "0.4.2"
source = "registry+https://github.com/rust-lang/crates.io-index"
checksum = "7f650c1d024ddc26b4bb79c3076b30030f2cf2b18292af698c81f7337a64d7d6"
dependencies = [
 "lenient_semver_version_builder",
 "semver",
]

[[package]]
name = "lenient_semver_version_builder"
version = "0.4.2"
source = "registry+https://github.com/rust-lang/crates.io-index"
checksum = "9049f8ff49f75b946f95557148e70230499c8a642bf2d6528246afc7d0282d17"
dependencies = [
 "semver",
]

[[package]]
name = "libc"
version = "0.2.162"
source = "registry+https://github.com/rust-lang/crates.io-index"
checksum = "18d287de67fe55fd7e1581fe933d965a5a9477b38e949cfa9f8574ef01506398"

[[package]]
name = "libfuzzer-sys"
version = "0.4.8"
source = "registry+https://github.com/rust-lang/crates.io-index"
checksum = "9b9569d2f74e257076d8c6bfa73fb505b46b851e51ddaecc825944aa3bed17fa"
dependencies = [
 "arbitrary",
 "cc",
]

[[package]]
name = "libloading"
version = "0.8.5"
source = "registry+https://github.com/rust-lang/crates.io-index"
checksum = "4979f22fdb869068da03c9f7528f8297c6fd2606bc3a4affe42e6a823fdb8da4"
dependencies = [
 "cfg-if",
 "windows-targets",
]

[[package]]
name = "log"
version = "0.4.22"
source = "registry+https://github.com/rust-lang/crates.io-index"
checksum = "a7a70ba024b9dc04c27ea2f0c0548feb474ec5c54bba33a7f72f873a39d07b24"

[[package]]
name = "memchr"
version = "2.7.4"
source = "registry+https://github.com/rust-lang/crates.io-index"
checksum = "78ca9ab1a0babb1e7d5695e3530886289c18cf2f87ec19a575a0abdce112e3a3"

[[package]]
name = "memoffset"
version = "0.9.1"
source = "registry+https://github.com/rust-lang/crates.io-index"
checksum = "488016bfae457b036d996092f6cb448677611ce4449e970ceaf42695203f218a"
dependencies = [
 "autocfg",
]

[[package]]
name = "miniz_oxide"
version = "0.8.3"
source = "registry+https://github.com/rust-lang/crates.io-index"
checksum = "b8402cab7aefae129c6977bb0ff1b8fd9a04eb5b51efc50a70bea51cda0c7924"
dependencies = [
 "adler2",
]

[[package]]
name = "nu-ansi-term"
version = "0.46.0"
source = "registry+https://github.com/rust-lang/crates.io-index"
checksum = "77a8165726e8236064dbb45459242600304b42a5ea24ee2948e18e023bf7ba84"
dependencies = [
 "overload",
 "winapi",
]

[[package]]
name = "objc2"
version = "0.6.0"
dependencies = [
 "backtrace",
 "block2",
 "core-foundation",
 "iai",
 "libc",
 "memoffset",
 "objc2-app-kit",
 "objc2-core-foundation",
 "objc2-encode",
 "objc2-exception-helper",
 "objc2-foundation",
 "objc2-proc-macros",
 "objc2-ui-kit",
 "static_assertions",
]

[[package]]
name = "objc2-accessibility"
version = "0.3.0"
dependencies = [
 "bitflags",
 "block2",
 "objc2",
 "objc2-core-foundation",
 "objc2-core-graphics",
 "objc2-foundation",
]

[[package]]
name = "objc2-accounts"
version = "0.3.0"
dependencies = [
 "block2",
 "objc2",
 "objc2-foundation",
]

[[package]]
name = "objc2-ad-services"
version = "0.3.0"
dependencies = [
 "objc2",
 "objc2-foundation",
]

[[package]]
name = "objc2-ad-support"
version = "0.3.0"
dependencies = [
 "objc2",
 "objc2-foundation",
]

[[package]]
name = "objc2-app-kit"
version = "0.3.0"
dependencies = [
 "bitflags",
 "block2",
 "libc",
 "objc2",
 "objc2-cloud-kit",
 "objc2-core-data",
 "objc2-core-foundation",
 "objc2-core-graphics",
 "objc2-core-image",
 "objc2-foundation",
 "objc2-quartz-core",
 "objc2-uniform-type-identifiers",
]

[[package]]
name = "objc2-app-tracking-transparency"
version = "0.3.0"
dependencies = [
 "block2",
 "objc2",
]

[[package]]
name = "objc2-ar-kit"
version = "0.3.0"
dependencies = [
 "bitflags",
 "block2",
 "objc2",
 "objc2-av-foundation",
 "objc2-core-foundation",
 "objc2-core-location",
 "objc2-core-media",
 "objc2-core-video",
 "objc2-foundation",
 "objc2-metal",
 "objc2-quartz-core",
 "objc2-scene-kit",
 "objc2-sprite-kit",
 "objc2-ui-kit",
 "objc2-vision",
]

[[package]]
name = "objc2-audio-toolbox"
version = "0.3.0"
dependencies = [
 "bitflags",
 "block2",
 "libc",
 "objc2",
 "objc2-core-audio",
 "objc2-core-audio-types",
 "objc2-core-foundation",
 "objc2-core-midi",
 "objc2-foundation",
]

[[package]]
name = "objc2-authentication-services"
version = "0.3.0"
dependencies = [
 "bitflags",
 "block2",
 "objc2",
 "objc2-app-kit",
 "objc2-core-foundation",
 "objc2-foundation",
 "objc2-local-authentication",
 "objc2-security",
]

[[package]]
name = "objc2-automatic-assessment-configuration"
version = "0.3.0"
dependencies = [
 "bitflags",
 "objc2",
 "objc2-foundation",
]

[[package]]
name = "objc2-automator"
version = "0.3.0"
dependencies = [
 "objc2",
 "objc2-app-kit",
 "objc2-core-foundation",
 "objc2-foundation",
 "objc2-osa-kit",
]

[[package]]
name = "objc2-av-foundation"
version = "0.3.0"
dependencies = [
 "bitflags",
 "block2",
 "objc2",
 "objc2-avf-audio",
 "objc2-core-foundation",
 "objc2-core-graphics",
 "objc2-core-image",
 "objc2-core-media",
 "objc2-core-video",
 "objc2-foundation",
 "objc2-quartz-core",
 "objc2-uniform-type-identifiers",
]

[[package]]
name = "objc2-av-kit"
version = "0.3.0"
dependencies = [
 "bitflags",
 "block2",
 "objc2",
 "objc2-app-kit",
 "objc2-av-foundation",
 "objc2-core-foundation",
 "objc2-core-media",
 "objc2-foundation",
]

[[package]]
name = "objc2-av-routing"
version = "0.3.0"
dependencies = [
 "block2",
 "objc2",
 "objc2-foundation",
 "objc2-uniform-type-identifiers",
]

[[package]]
name = "objc2-avf-audio"
version = "0.3.0"
dependencies = [
 "bitflags",
 "block2",
 "objc2",
 "objc2-audio-toolbox",
 "objc2-core-audio-types",
 "objc2-core-media",
 "objc2-core-midi",
 "objc2-foundation",
]

[[package]]
name = "objc2-background-assets"
version = "0.3.0"
dependencies = [
 "block2",
 "objc2",
 "objc2-foundation",
]

[[package]]
name = "objc2-background-tasks"
version = "0.3.0"
dependencies = [
 "block2",
 "objc2",
 "objc2-foundation",
]

[[package]]
name = "objc2-business-chat"
version = "0.3.0"
dependencies = [
 "objc2",
 "objc2-app-kit",
 "objc2-foundation",
]

[[package]]
name = "objc2-call-kit"
version = "0.3.0"
dependencies = [
 "block2",
 "objc2",
 "objc2-avf-audio",
 "objc2-foundation",
]

[[package]]
name = "objc2-class-kit"
version = "0.3.0"
dependencies = [
 "block2",
 "objc2",
 "objc2-core-graphics",
 "objc2-foundation",
]

[[package]]
name = "objc2-cloud-kit"
version = "0.3.0"
dependencies = [
 "bitflags",
 "block2",
 "objc2",
 "objc2-core-location",
 "objc2-foundation",
]

[[package]]
name = "objc2-color-sync"
version = "0.3.0"
dependencies = [
 "objc2",
 "objc2-core-foundation",
]

[[package]]
name = "objc2-compositor-services"
version = "0.3.0"
dependencies = [
 "bitflags",
 "objc2",
 "objc2-core-foundation",
 "objc2-metal",
]

[[package]]
name = "objc2-contacts"
version = "0.3.0"
dependencies = [
 "block2",
 "objc2",
 "objc2-foundation",
]

[[package]]
name = "objc2-contacts-ui"
version = "0.3.0"
dependencies = [
 "objc2",
 "objc2-app-kit",
 "objc2-contacts",
 "objc2-foundation",
]

[[package]]
name = "objc2-core-audio"
version = "0.3.0"
dependencies = [
 "block2",
 "libc",
 "objc2",
 "objc2-core-audio-types",
 "objc2-core-foundation",
 "objc2-foundation",
]

[[package]]
name = "objc2-core-audio-types"
version = "0.3.0"
dependencies = [
 "bitflags",
 "objc2",
]

[[package]]
name = "objc2-core-bluetooth"
version = "0.3.0"
dependencies = [
 "bitflags",
 "objc2",
 "objc2-core-foundation",
 "objc2-foundation",
]

[[package]]
name = "objc2-core-data"
version = "0.3.0"
dependencies = [
 "bitflags",
 "block2",
 "objc2",
 "objc2-cloud-kit",
 "objc2-foundation",
]

[[package]]
name = "objc2-core-foundation"
version = "0.3.0"
dependencies = [
 "bitflags",
 "block2",
 "libc",
 "objc2",
]

[[package]]
name = "objc2-core-graphics"
version = "0.3.0"
dependencies = [
 "bitflags",
 "block2",
 "libc",
 "objc2",
 "objc2-core-foundation",
 "objc2-io-surface",
 "objc2-metal",
]

[[package]]
name = "objc2-core-image"
version = "0.3.0"
dependencies = [
 "block2",
 "objc2",
 "objc2-core-foundation",
 "objc2-core-graphics",
 "objc2-core-ml",
 "objc2-core-video",
 "objc2-foundation",
 "objc2-io-surface",
 "objc2-metal",
]

[[package]]
name = "objc2-core-location"
version = "0.3.0"
dependencies = [
 "block2",
 "objc2",
 "objc2-contacts",
 "objc2-foundation",
]

[[package]]
name = "objc2-core-media"
version = "0.3.0"
dependencies = [
 "bitflags",
 "block2",
 "objc2",
 "objc2-core-audio",
 "objc2-core-audio-types",
 "objc2-core-foundation",
 "objc2-core-video",
]

[[package]]
name = "objc2-core-midi"
version = "0.3.0"
dependencies = [
 "bitflags",
 "block2",
 "objc2",
 "objc2-core-foundation",
 "objc2-foundation",
]

[[package]]
name = "objc2-core-ml"
version = "0.3.0"
dependencies = [
 "bitflags",
 "block2",
 "objc2",
 "objc2-core-graphics",
 "objc2-core-video",
 "objc2-foundation",
 "objc2-metal",
]

[[package]]
name = "objc2-core-motion"
version = "0.3.0"
dependencies = [
 "bitflags",
 "block2",
 "objc2",
 "objc2-core-location",
 "objc2-foundation",
]

[[package]]
name = "objc2-core-text"
version = "0.3.0"
dependencies = [
 "bitflags",
 "block2",
 "libc",
 "objc2",
 "objc2-core-foundation",
 "objc2-core-graphics",
]

[[package]]
name = "objc2-core-video"
version = "0.3.0"
dependencies = [
 "bitflags",
 "block2",
 "objc2",
 "objc2-core-foundation",
 "objc2-core-graphics",
 "objc2-io-surface",
 "objc2-metal",
]

[[package]]
name = "objc2-core-wlan"
version = "0.3.0"
dependencies = [
 "bitflags",
 "objc2",
 "objc2-core-foundation",
 "objc2-foundation",
 "objc2-security",
]

[[package]]
name = "objc2-data-detection"
version = "0.3.0"
dependencies = [
 "objc2",
 "objc2-foundation",
]

[[package]]
name = "objc2-device-check"
version = "0.3.0"
dependencies = [
 "block2",
 "objc2",
 "objc2-foundation",
]

[[package]]
name = "objc2-disk-arbitration"
version = "0.3.0"
dependencies = [
 "libc",
 "objc2-core-foundation",
]

[[package]]
name = "objc2-encode"
version = "4.1.0"

[[package]]
name = "objc2-event-kit"
version = "0.3.0"
dependencies = [
 "bitflags",
 "block2",
 "objc2",
 "objc2-app-kit",
 "objc2-core-graphics",
 "objc2-core-location",
 "objc2-foundation",
 "objc2-map-kit",
]

[[package]]
name = "objc2-event-kit-ui"
version = "0.3.0"
dependencies = [
 "objc2",
 "objc2-event-kit",
 "objc2-foundation",
 "objc2-ui-kit",
]

[[package]]
name = "objc2-exception-handling"
version = "0.3.0"
dependencies = [
 "objc2",
 "objc2-foundation",
]

[[package]]
name = "objc2-exception-helper"
version = "0.1.1"
dependencies = [
 "cc",
]

[[package]]
name = "objc2-extension-kit"
version = "0.3.0"
dependencies = [
 "objc2",
 "objc2-app-kit",
 "objc2-foundation",
]

[[package]]
name = "objc2-external-accessory"
version = "0.3.0"
dependencies = [
 "bitflags",
 "block2",
 "objc2",
 "objc2-foundation",
]

[[package]]
name = "objc2-file-provider"
version = "0.3.0"
dependencies = [
 "bitflags",
 "block2",
 "objc2",
 "objc2-core-foundation",
 "objc2-foundation",
 "objc2-uniform-type-identifiers",
]

[[package]]
name = "objc2-file-provider-ui"
version = "0.3.0"
dependencies = [
 "block2",
 "objc2",
 "objc2-app-kit",
 "objc2-file-provider",
 "objc2-foundation",
]

[[package]]
name = "objc2-finder-sync"
version = "0.3.0"
dependencies = [
 "block2",
 "objc2",
 "objc2-app-kit",
 "objc2-foundation",
]

[[package]]
name = "objc2-foundation"
version = "0.3.0"
dependencies = [
 "bitflags",
 "block2",
 "libc",
 "objc2",
 "objc2-core-foundation",
 "static_assertions",
]

[[package]]
name = "objc2-game-controller"
version = "0.3.0"
dependencies = [
 "bitflags",
 "block2",
 "objc2",
 "objc2-app-kit",
 "objc2-core-foundation",
 "objc2-foundation",
]

[[package]]
name = "objc2-game-kit"
version = "0.3.0"
dependencies = [
 "block2",
 "objc2",
 "objc2-app-kit",
 "objc2-foundation",
]

[[package]]
name = "objc2-gameplay-kit"
version = "0.3.0"
dependencies = [
 "bitflags",
 "block2",
 "objc2",
 "objc2-app-kit",
 "objc2-core-foundation",
 "objc2-foundation",
 "objc2-scene-kit",
 "objc2-sprite-kit",
]

[[package]]
name = "objc2-health-kit"
version = "0.3.0"
dependencies = [
 "bitflags",
 "block2",
 "objc2",
 "objc2-core-location",
 "objc2-foundation",
 "objc2-uniform-type-identifiers",
]

[[package]]
name = "objc2-home-kit"
version = "0.3.0"
dependencies = [
 "bitflags",
 "block2",
 "objc2",
 "objc2-core-foundation",
 "objc2-core-location",
 "objc2-foundation",
 "objc2-quartz-core",
 "objc2-ui-kit",
]

[[package]]
name = "objc2-identity-lookup"
version = "0.3.0"
dependencies = [
 "block2",
 "objc2",
 "objc2-foundation",
]

[[package]]
name = "objc2-image-capture-core"
version = "0.3.0"
dependencies = [
 "block2",
 "libc",
 "objc2",
 "objc2-core-foundation",
 "objc2-core-graphics",
 "objc2-foundation",
]

[[package]]
name = "objc2-input-method-kit"
version = "0.3.0"
dependencies = [
 "objc2",
 "objc2-app-kit",
 "objc2-foundation",
]

[[package]]
name = "objc2-intents"
version = "0.3.0"
dependencies = [
 "bitflags",
 "block2",
 "objc2",
 "objc2-contacts",
 "objc2-core-graphics",
 "objc2-core-location",
 "objc2-foundation",
]

[[package]]
name = "objc2-intents-ui"
version = "0.3.0"
dependencies = [
 "objc2",
 "objc2-app-kit",
 "objc2-core-foundation",
 "objc2-foundation",
 "objc2-intents",
]

[[package]]
name = "objc2-io-surface"
version = "0.3.0"
dependencies = [
 "bitflags",
 "libc",
 "objc2",
 "objc2-core-foundation",
 "objc2-foundation",
]

[[package]]
name = "objc2-link-presentation"
version = "0.3.0"
dependencies = [
 "block2",
 "objc2",
 "objc2-app-kit",
 "objc2-foundation",
]

[[package]]
name = "objc2-local-authentication"
version = "0.3.0"
dependencies = [
 "block2",
 "objc2",
 "objc2-foundation",
 "objc2-security",
]

[[package]]
name = "objc2-local-authentication-embedded-ui"
version = "0.3.0"
dependencies = [
 "block2",
 "objc2",
 "objc2-app-kit",
 "objc2-foundation",
 "objc2-local-authentication",
]

[[package]]
name = "objc2-mail-kit"
version = "0.3.0"
dependencies = [
 "block2",
 "objc2",
 "objc2-app-kit",
 "objc2-foundation",
]

[[package]]
name = "objc2-map-kit"
version = "0.3.0"
dependencies = [
 "bitflags",
 "block2",
 "objc2",
 "objc2-app-kit",
 "objc2-contacts",
 "objc2-core-foundation",
 "objc2-core-graphics",
 "objc2-core-location",
 "objc2-foundation",
]

[[package]]
name = "objc2-media-accessibility"
version = "0.3.0"
dependencies = [
 "block2",
 "objc2",
 "objc2-core-foundation",
 "objc2-core-graphics",
 "objc2-core-text",
 "objc2-foundation",
 "objc2-io-surface",
]

[[package]]
name = "objc2-media-player"
version = "0.3.0"
dependencies = [
 "bitflags",
 "block2",
 "objc2",
 "objc2-app-kit",
 "objc2-av-foundation",
 "objc2-core-foundation",
 "objc2-core-media",
 "objc2-foundation",
]

[[package]]
name = "objc2-media-toolbox"
version = "0.3.0"
dependencies = [
 "objc2",
 "objc2-core-audio-types",
 "objc2-core-foundation",
 "objc2-core-media",
]

[[package]]
name = "objc2-message-ui"
version = "0.3.0"
dependencies = [
 "block2",
 "objc2",
 "objc2-foundation",
 "objc2-messages",
 "objc2-ui-kit",
]

[[package]]
name = "objc2-messages"
version = "0.3.0"
dependencies = [
 "block2",
 "objc2",
 "objc2-core-foundation",
 "objc2-foundation",
 "objc2-quartz-core",
 "objc2-ui-kit",
]

[[package]]
name = "objc2-metal"
version = "0.3.0"
dependencies = [
 "bitflags",
 "block2",
 "objc2",
 "objc2-app-kit",
 "objc2-core-foundation",
 "objc2-foundation",
 "objc2-io-surface",
 "objc2-metal-kit",
 "objc2-quartz-core",
]

[[package]]
name = "objc2-metal-fx"
version = "0.3.0"
dependencies = [
 "objc2",
 "objc2-foundation",
 "objc2-metal",
]

[[package]]
name = "objc2-metal-kit"
version = "0.3.0"
dependencies = [
 "block2",
 "objc2",
 "objc2-app-kit",
 "objc2-core-foundation",
 "objc2-core-graphics",
 "objc2-foundation",
 "objc2-metal",
 "objc2-model-io",
 "objc2-quartz-core",
]

[[package]]
name = "objc2-metal-performance-shaders"
version = "0.3.0"
dependencies = [
 "bitflags",
 "block2",
 "objc2",
 "objc2-core-foundation",
 "objc2-core-graphics",
 "objc2-foundation",
 "objc2-metal",
]

[[package]]
name = "objc2-metal-performance-shaders-graph"
version = "0.3.0"
dependencies = [
 "block2",
 "objc2",
 "objc2-foundation",
 "objc2-metal",
 "objc2-metal-performance-shaders",
]

[[package]]
name = "objc2-metric-kit"
version = "0.3.0"
dependencies = [
 "libc",
 "objc2",
 "objc2-foundation",
]

[[package]]
name = "objc2-ml-compute"
version = "0.3.0"
dependencies = [
 "bitflags",
 "block2",
 "objc2",
 "objc2-foundation",
 "objc2-metal",
]

[[package]]
name = "objc2-model-io"
version = "0.3.0"
dependencies = [
 "block2",
 "objc2",
 "objc2-core-foundation",
 "objc2-core-graphics",
 "objc2-foundation",
]

[[package]]
name = "objc2-multipeer-connectivity"
version = "0.3.0"
dependencies = [
 "block2",
 "objc2",
 "objc2-app-kit",
 "objc2-foundation",
]

[[package]]
name = "objc2-natural-language"
version = "0.3.0"
dependencies = [
 "bitflags",
 "block2",
 "objc2",
 "objc2-core-ml",
 "objc2-foundation",
]

[[package]]
name = "objc2-nearby-interaction"
version = "0.3.0"
dependencies = [
 "objc2",
 "objc2-ar-kit",
 "objc2-foundation",
]

[[package]]
name = "objc2-network-extension"
version = "0.3.0"
dependencies = [
 "block2",
 "libc",
 "objc2",
 "objc2-foundation",
 "objc2-security",
]

[[package]]
name = "objc2-open-directory"
version = "0.3.0"
dependencies = [
 "objc2",
 "objc2-core-foundation",
 "objc2-foundation",
]

[[package]]
name = "objc2-osa-kit"
version = "0.3.0"
dependencies = [
 "bitflags",
 "objc2",
 "objc2-app-kit",
 "objc2-foundation",
]

[[package]]
name = "objc2-photos"
version = "0.3.0"
dependencies = [
 "bitflags",
 "block2",
 "objc2",
 "objc2-app-kit",
 "objc2-av-foundation",
 "objc2-core-foundation",
 "objc2-core-image",
 "objc2-core-location",
 "objc2-core-media",
 "objc2-foundation",
 "objc2-uniform-type-identifiers",
]

[[package]]
name = "objc2-photos-ui"
version = "0.3.0"
dependencies = [
 "bitflags",
 "block2",
 "objc2",
 "objc2-app-kit",
 "objc2-core-foundation",
 "objc2-core-location",
 "objc2-foundation",
 "objc2-map-kit",
 "objc2-photos",
]

[[package]]
name = "objc2-proc-macros"
version = "0.2.0"

[[package]]
name = "objc2-quartz-core"
version = "0.3.0"
dependencies = [
 "bitflags",
 "block2",
 "libc",
 "objc2",
 "objc2-core-foundation",
 "objc2-core-graphics",
 "objc2-core-video",
 "objc2-foundation",
 "objc2-metal",
]

[[package]]
name = "objc2-quick-look"
version = "0.3.0"
dependencies = [
 "objc2",
 "objc2-core-foundation",
 "objc2-core-graphics",
]

[[package]]
name = "objc2-quick-look-thumbnailing"
version = "0.3.0"
dependencies = [
 "bitflags",
 "block2",
 "objc2",
 "objc2-app-kit",
 "objc2-core-foundation",
 "objc2-core-graphics",
 "objc2-foundation",
 "objc2-uniform-type-identifiers",
]

[[package]]
name = "objc2-quick-look-ui"
version = "0.3.0"
dependencies = [
 "block2",
 "objc2",
 "objc2-app-kit",
 "objc2-core-foundation",
 "objc2-core-graphics",
 "objc2-foundation",
 "objc2-uniform-type-identifiers",
]

[[package]]
name = "objc2-scene-kit"
version = "0.3.0"
dependencies = [
 "bitflags",
 "block2",
 "objc2",
 "objc2-app-kit",
 "objc2-avf-audio",
 "objc2-core-foundation",
 "objc2-core-graphics",
 "objc2-core-image",
 "objc2-foundation",
 "objc2-metal",
 "objc2-model-io",
 "objc2-quartz-core",
]

[[package]]
name = "objc2-screen-capture-kit"
version = "0.3.0"
dependencies = [
 "bitflags",
 "block2",
 "libc",
 "objc2",
 "objc2-av-foundation",
 "objc2-core-foundation",
 "objc2-core-graphics",
 "objc2-core-media",
 "objc2-foundation",
]

[[package]]
name = "objc2-screen-saver"
version = "0.3.0"
dependencies = [
 "objc2",
 "objc2-app-kit",
 "objc2-foundation",
]

[[package]]
name = "objc2-security"
version = "0.3.0"
dependencies = [
 "bitflags",
 "block2",
 "libc",
 "objc2",
 "objc2-core-foundation",
]

[[package]]
name = "objc2-sensitive-content-analysis"
version = "0.3.0"
dependencies = [
 "block2",
 "objc2",
 "objc2-core-graphics",
 "objc2-foundation",
]

[[package]]
name = "objc2-sensor-kit"
version = "0.3.0"
dependencies = [
 "bitflags",
 "block2",
 "objc2",
 "objc2-core-foundation",
 "objc2-core-location",
 "objc2-core-media",
 "objc2-foundation",
 "objc2-sound-analysis",
 "objc2-speech",
]

[[package]]
name = "objc2-service-management"
version = "0.3.0"
dependencies = [
 "block2",
 "objc2",
 "objc2-core-foundation",
 "objc2-foundation",
 "objc2-security",
]

[[package]]
name = "objc2-social"
version = "0.3.0"
dependencies = [
 "block2",
 "objc2",
 "objc2-accounts",
 "objc2-app-kit",
 "objc2-foundation",
]

[[package]]
name = "objc2-sound-analysis"
version = "0.3.0"
dependencies = [
 "block2",
 "objc2",
 "objc2-avf-audio",
 "objc2-core-media",
 "objc2-core-ml",
 "objc2-foundation",
]

[[package]]
name = "objc2-speech"
version = "0.3.0"
dependencies = [
 "block2",
 "objc2",
 "objc2-avf-audio",
 "objc2-core-media",
 "objc2-foundation",
]

[[package]]
name = "objc2-sprite-kit"
version = "0.3.0"
dependencies = [
 "bitflags",
 "block2",
 "objc2",
 "objc2-app-kit",
 "objc2-av-foundation",
 "objc2-avf-audio",
 "objc2-core-foundation",
 "objc2-core-graphics",
 "objc2-core-image",
 "objc2-foundation",
 "objc2-metal",
]

[[package]]
name = "objc2-store-kit"
version = "0.3.0"
dependencies = [
 "bitflags",
 "block2",
 "objc2",
 "objc2-app-kit",
 "objc2-core-foundation",
 "objc2-foundation",
]

[[package]]
name = "objc2-symbols"
version = "0.3.0"
dependencies = [
 "objc2",
 "objc2-foundation",
]

[[package]]
name = "objc2-system-configuration"
version = "0.3.0"
dependencies = [
 "bitflags",
 "libc",
 "objc2",
 "objc2-core-foundation",
 "objc2-security",
]

[[package]]
name = "objc2-system-extensions"
version = "0.3.0"
dependencies = [
 "objc2",
 "objc2-foundation",
]

[[package]]
name = "objc2-ui-kit"
version = "0.3.0"
dependencies = [
 "bitflags",
 "block2",
 "objc2",
 "objc2-cloud-kit",
 "objc2-core-data",
 "objc2-core-foundation",
 "objc2-core-graphics",
 "objc2-core-image",
 "objc2-core-location",
 "objc2-foundation",
 "objc2-quartz-core",
 "objc2-symbols",
 "objc2-uniform-type-identifiers",
 "objc2-user-notifications",
]

[[package]]
name = "objc2-uniform-type-identifiers"
version = "0.3.0"
dependencies = [
 "block2",
 "objc2",
 "objc2-foundation",
]

[[package]]
name = "objc2-user-notifications"
version = "0.3.0"
dependencies = [
 "bitflags",
 "block2",
 "objc2",
 "objc2-core-location",
 "objc2-foundation",
]

[[package]]
name = "objc2-video-toolbox"
version = "0.3.0"
dependencies = [
 "bitflags",
 "block2",
 "objc2",
 "objc2-core-foundation",
 "objc2-core-graphics",
 "objc2-core-media",
 "objc2-core-video",
]

[[package]]
name = "objc2-virtualization"
version = "0.3.0"
dependencies = [
 "bitflags",
 "block2",
 "objc2",
 "objc2-app-kit",
 "objc2-core-foundation",
 "objc2-foundation",
]

[[package]]
name = "objc2-vision"
version = "0.3.0"
dependencies = [
 "block2",
 "objc2",
 "objc2-core-foundation",
 "objc2-core-graphics",
 "objc2-core-image",
 "objc2-core-media",
 "objc2-core-ml",
 "objc2-core-video",
 "objc2-foundation",
]

[[package]]
name = "objc2-watch-connectivity"
version = "0.3.0"
dependencies = [
 "block2",
 "objc2",
 "objc2-foundation",
]

[[package]]
name = "objc2-watch-kit"
version = "0.3.0"
dependencies = [
 "bitflags",
 "block2",
 "objc2",
 "objc2-cloud-kit",
 "objc2-core-foundation",
 "objc2-core-location",
 "objc2-foundation",
 "objc2-health-kit",
 "objc2-home-kit",
 "objc2-intents",
 "objc2-map-kit",
 "objc2-scene-kit",
 "objc2-ui-kit",
 "objc2-user-notifications",
]

[[package]]
name = "objc2-web-kit"
version = "0.3.0"
dependencies = [
 "bitflags",
 "block2",
 "objc2",
 "objc2-app-kit",
 "objc2-core-foundation",
 "objc2-foundation",
 "objc2-security",
]

[[package]]
name = "object"
version = "0.36.7"
source = "registry+https://github.com/rust-lang/crates.io-index"
checksum = "62948e14d923ea95ea2c7c86c71013138b66525b86bdc08d2dcc262bdb497b87"
dependencies = [
 "memchr",
]

[[package]]
name = "once_cell"
version = "1.20.2"
source = "registry+https://github.com/rust-lang/crates.io-index"
checksum = "1261fe7e33c73b354eab43b1273a57c8f967d0391e80353e51f764ac02cf6775"

[[package]]
name = "overload"
version = "0.1.1"
source = "registry+https://github.com/rust-lang/crates.io-index"
checksum = "b15813163c1d831bf4a13c3610c05c0d03b39feb07f7e09fa234dac9b15aaf39"

[[package]]
name = "paste"
version = "1.0.15"
source = "registry+https://github.com/rust-lang/crates.io-index"
checksum = "57c0d7b74b563b49d38dae00a0c37d4d6de9b432382b2892f0574ddcae73fd0a"

[[package]]
name = "pin-project-lite"
version = "0.2.15"
source = "registry+https://github.com/rust-lang/crates.io-index"
checksum = "915a1e146535de9163f3987b8944ed8cf49a18bb0056bcebcdcece385cece4ff"

[[package]]
name = "proc-macro2"
version = "1.0.89"
source = "registry+https://github.com/rust-lang/crates.io-index"
checksum = "f139b0662de085916d1fb67d2b4169d1addddda1919e696f3252b740b629986e"
dependencies = [
 "unicode-ident",
]

[[package]]
name = "quote"
version = "1.0.37"
source = "registry+https://github.com/rust-lang/crates.io-index"
checksum = "b5b9d34b8991d19d98081b46eacdd8eb58c6f2b201139f7c5f643cc155a633af"
dependencies = [
 "proc-macro2",
]

[[package]]
name = "regex"
version = "1.11.1"
source = "registry+https://github.com/rust-lang/crates.io-index"
checksum = "b544ef1b4eac5dc2db33ea63606ae9ffcfac26c1416a2806ae0bf5f56b201191"
dependencies = [
 "aho-corasick",
 "memchr",
 "regex-automata",
 "regex-syntax",
]

[[package]]
name = "regex-automata"
version = "0.4.9"
source = "registry+https://github.com/rust-lang/crates.io-index"
checksum = "809e8dc61f6de73b46c85f4c96486310fe304c434cfa43669d7b40f711150908"
dependencies = [
 "aho-corasick",
 "memchr",
 "regex-syntax",
]

[[package]]
name = "regex-syntax"
version = "0.8.5"
source = "registry+https://github.com/rust-lang/crates.io-index"
checksum = "2b15c43186be67a4fd63bee50d0303afffcef381492ebe2c5d87f324e1b8815c"

[[package]]
name = "rustc-demangle"
version = "0.1.24"
source = "registry+https://github.com/rust-lang/crates.io-index"
checksum = "719b953e2095829ee67db738b3bfa9fa368c94900df327b3f07fe6e794d2fe1f"

[[package]]
name = "rustc_version"
version = "0.4.1"
source = "registry+https://github.com/rust-lang/crates.io-index"
checksum = "cfcb3a22ef46e85b45de6ee7e79d063319ebb6594faafcf1c225ea92ab6e9b92"
dependencies = [
 "semver",
]

[[package]]
name = "ryu"
version = "1.0.18"
source = "registry+https://github.com/rust-lang/crates.io-index"
checksum = "f3cb5ba0dc43242ce17de99c180e96db90b235b8a9fdc9543c96d2209116bd9f"

[[package]]
name = "semver"
version = "1.0.23"
source = "registry+https://github.com/rust-lang/crates.io-index"
checksum = "61697e0a1c7e512e84a621326239844a24d8207b4669b41bc18b32ea5cbf988b"
dependencies = [
 "serde",
]

[[package]]
name = "serde"
version = "1.0.215"
source = "registry+https://github.com/rust-lang/crates.io-index"
checksum = "6513c1ad0b11a9376da888e3e0baa0077f1aed55c17f50e7b2397136129fb88f"
dependencies = [
 "serde_derive",
]

[[package]]
name = "serde_derive"
version = "1.0.215"
source = "registry+https://github.com/rust-lang/crates.io-index"
checksum = "ad1e866f866923f252f05c889987993144fb74e722403468a4ebd70c3cd756c0"
dependencies = [
 "proc-macro2",
 "quote",
 "syn",
]

[[package]]
name = "serde_json"
version = "1.0.132"
source = "registry+https://github.com/rust-lang/crates.io-index"
checksum = "d726bfaff4b320266d395898905d0eba0345aae23b54aee3a737e260fd46db03"
dependencies = [
 "itoa",
 "memchr",
 "ryu",
 "serde",
]

[[package]]
name = "serde_spanned"
version = "0.6.8"
source = "registry+https://github.com/rust-lang/crates.io-index"
checksum = "87607cb1398ed59d48732e575a4c28a7a8ebf2454b964fe3f224f2afc07909e1"
dependencies = [
 "serde",
]

[[package]]
name = "sharded-slab"
version = "0.1.7"
source = "registry+https://github.com/rust-lang/crates.io-index"
checksum = "f40ca3c46823713e0d4209592e8d6e826aa57e928f09752619fc696c499637f6"
dependencies = [
 "lazy_static",
]

[[package]]
name = "shlex"
version = "1.3.0"
source = "registry+https://github.com/rust-lang/crates.io-index"
checksum = "0fda2ff0d084019ba4d7c6f371c95d8fd75ce3524c3cb8fb653a3023f6323e64"

[[package]]
name = "smallvec"
version = "1.13.2"
source = "registry+https://github.com/rust-lang/crates.io-index"
checksum = "3c5e1a9a646d36c3599cd173a41282daf47c44583ad367b8e6837255952e5c67"

[[package]]
name = "static_assertions"
version = "1.1.0"
source = "registry+https://github.com/rust-lang/crates.io-index"
checksum = "a2eb9349b6444b326872e140eb1cf5e7c522154d69e7a0ffb0fb81c06b37543f"

[[package]]
name = "syn"
version = "2.0.87"
source = "registry+https://github.com/rust-lang/crates.io-index"
checksum = "25aa4ce346d03a6dcd68dd8b4010bcb74e54e62c90c573f394c46eae99aba32d"
dependencies = [
 "proc-macro2",
 "quote",
 "unicode-ident",
]

[[package]]
name = "target-triple"
version = "0.1.3"
source = "registry+https://github.com/rust-lang/crates.io-index"
checksum = "42a4d50cdb458045afc8131fd91b64904da29548bcb63c7236e0844936c13078"

[[package]]
name = "termcolor"
version = "1.4.1"
source = "registry+https://github.com/rust-lang/crates.io-index"
checksum = "06794f8f6c5c898b3275aebefa6b8a1cb24cd2c6c79397ab15774837a0bc5755"
dependencies = [
 "winapi-util",
]

[[package]]
name = "test-assembly"
version = "0.1.0"
dependencies = [
 "cargo_metadata",
 "lazy_static",
 "regex",
 "rustc-demangle",
]

[[package]]
name = "test-frameworks"
version = "0.0.0"
dependencies = [
 "block2",
 "dispatch2",
 "libc",
 "objc2",
 "objc2-accessibility",
 "objc2-accounts",
 "objc2-ad-services",
 "objc2-ad-support",
 "objc2-app-kit",
 "objc2-app-tracking-transparency",
 "objc2-ar-kit",
 "objc2-audio-toolbox",
 "objc2-authentication-services",
 "objc2-automatic-assessment-configuration",
 "objc2-automator",
 "objc2-av-foundation",
 "objc2-av-kit",
 "objc2-av-routing",
 "objc2-avf-audio",
 "objc2-background-assets",
 "objc2-background-tasks",
 "objc2-business-chat",
 "objc2-call-kit",
 "objc2-class-kit",
 "objc2-cloud-kit",
 "objc2-color-sync",
 "objc2-compositor-services",
 "objc2-contacts",
 "objc2-contacts-ui",
 "objc2-core-audio",
 "objc2-core-audio-types",
 "objc2-core-bluetooth",
 "objc2-core-data",
 "objc2-core-foundation",
 "objc2-core-graphics",
 "objc2-core-image",
 "objc2-core-location",
 "objc2-core-media",
 "objc2-core-midi",
 "objc2-core-ml",
 "objc2-core-motion",
 "objc2-core-text",
 "objc2-core-video",
 "objc2-core-wlan",
 "objc2-data-detection",
 "objc2-device-check",
 "objc2-disk-arbitration",
 "objc2-event-kit",
 "objc2-event-kit-ui",
 "objc2-exception-handling",
 "objc2-extension-kit",
 "objc2-external-accessory",
 "objc2-file-provider",
 "objc2-file-provider-ui",
 "objc2-finder-sync",
 "objc2-foundation",
 "objc2-game-controller",
 "objc2-game-kit",
 "objc2-gameplay-kit",
 "objc2-health-kit",
 "objc2-home-kit",
 "objc2-identity-lookup",
 "objc2-image-capture-core",
 "objc2-input-method-kit",
 "objc2-intents",
 "objc2-intents-ui",
 "objc2-io-surface",
 "objc2-link-presentation",
 "objc2-local-authentication",
 "objc2-local-authentication-embedded-ui",
 "objc2-mail-kit",
 "objc2-map-kit",
 "objc2-media-accessibility",
 "objc2-media-player",
 "objc2-media-toolbox",
 "objc2-message-ui",
 "objc2-messages",
 "objc2-metal",
 "objc2-metal-fx",
 "objc2-metal-kit",
 "objc2-metal-performance-shaders",
 "objc2-metal-performance-shaders-graph",
 "objc2-metric-kit",
 "objc2-ml-compute",
 "objc2-model-io",
 "objc2-multipeer-connectivity",
 "objc2-natural-language",
 "objc2-nearby-interaction",
 "objc2-network-extension",
 "objc2-open-directory",
 "objc2-osa-kit",
 "objc2-photos",
 "objc2-photos-ui",
 "objc2-quartz-core",
 "objc2-quick-look",
 "objc2-quick-look-thumbnailing",
 "objc2-quick-look-ui",
 "objc2-scene-kit",
 "objc2-screen-capture-kit",
 "objc2-screen-saver",
 "objc2-security",
 "objc2-sensitive-content-analysis",
 "objc2-sensor-kit",
 "objc2-service-management",
 "objc2-social",
 "objc2-sound-analysis",
 "objc2-speech",
 "objc2-sprite-kit",
 "objc2-store-kit",
 "objc2-symbols",
 "objc2-system-configuration",
 "objc2-system-extensions",
 "objc2-ui-kit",
 "objc2-uniform-type-identifiers",
 "objc2-user-notifications",
 "objc2-video-toolbox",
 "objc2-virtualization",
 "objc2-vision",
 "objc2-watch-connectivity",
 "objc2-watch-kit",
 "objc2-web-kit",
]

[[package]]
name = "test-fuzz"
version = "0.0.0"
dependencies = [
 "afl",
 "arbitrary",
 "libfuzzer-sys",
 "objc2",
 "objc2-core-foundation",
 "objc2-foundation",
]

[[package]]
name = "test-ui"
version = "0.1.0"
dependencies = [
 "block2",
 "objc2",
 "objc2-core-foundation",
 "objc2-foundation",
 "trybuild",
]

[[package]]
name = "test_autorelease_return"
version = "0.1.0"
dependencies = [
 "objc2",
]

[[package]]
name = "test_available"
version = "0.1.0"
dependencies = [
 "objc2",
]

[[package]]
name = "test_block"
version = "0.1.0"
dependencies = [
 "block2",
]

[[package]]
name = "test_define_class"
version = "0.1.0"
dependencies = [
 "objc2",
 "objc2-foundation",
]

[[package]]
name = "test_dynamic_class"
version = "0.1.0"
dependencies = [
 "objc2",
]

[[package]]
name = "test_dynamic_sel"
version = "0.1.0"
dependencies = [
 "objc2",
]

[[package]]
name = "test_extern_protocol"
version = "0.1.0"
dependencies = [
 "objc2",
]

[[package]]
name = "test_fast_enumeration"
version = "0.1.0"
dependencies = [
 "objc2",
 "objc2-foundation",
]

[[package]]
name = "test_msg_send_error"
version = "0.1.0"
dependencies = [
 "objc2",
]

[[package]]
name = "test_msg_send_retained"
version = "0.1.0"
dependencies = [
 "objc2",
]

[[package]]
name = "test_msg_send_static_sel"
version = "0.1.0"
dependencies = [
 "objc2",
]

[[package]]
name = "test_msg_send_zero_cost"
version = "0.1.0"
dependencies = [
 "objc2",
]

[[package]]
name = "test_ns_string"
version = "0.1.0"
dependencies = [
 "objc2-foundation",
]

[[package]]
name = "test_out_parameters"
version = "0.1.0"
dependencies = [
 "objc2",
]

[[package]]
name = "test_retain_autoreleased"
version = "0.1.0"
dependencies = [
 "objc2",
]

[[package]]
name = "test_static_class"
version = "0.1.0"
dependencies = [
 "objc2",
]

[[package]]
name = "test_static_sel"
version = "0.1.0"
dependencies = [
 "objc2",
]

[[package]]
name = "tests"
version = "0.1.0"
dependencies = [
 "block2",
 "cc",
 "objc2",
 "objc2-foundation",
 "paste",
]

[[package]]
name = "thiserror"
version = "1.0.69"
source = "registry+https://github.com/rust-lang/crates.io-index"
checksum = "b6aaf5339b578ea85b50e080feb250a3e8ae8cfcdff9a461c9ec2904bc923f52"
dependencies = [
 "thiserror-impl",
]

[[package]]
name = "thiserror-impl"
version = "1.0.69"
source = "registry+https://github.com/rust-lang/crates.io-index"
checksum = "4fee6c4efc90059e10f81e6d42c60a18f76588c3d74cb83a0b242a2b6c7504c1"
dependencies = [
 "proc-macro2",
 "quote",
 "syn",
]

[[package]]
name = "thread_local"
version = "1.1.8"
source = "registry+https://github.com/rust-lang/crates.io-index"
checksum = "8b9ef9bad013ada3808854ceac7b46812a6465ba368859a37e2100283d2d719c"
dependencies = [
 "cfg-if",
 "once_cell",
]

[[package]]
name = "toml"
version = "0.8.19"
source = "registry+https://github.com/rust-lang/crates.io-index"
checksum = "a1ed1f98e3fdc28d6d910e6737ae6ab1a93bf1985935a1193e68f93eeb68d24e"
dependencies = [
 "serde",
 "serde_spanned",
 "toml_datetime",
 "toml_edit",
]

[[package]]
name = "toml_datetime"
version = "0.6.8"
source = "registry+https://github.com/rust-lang/crates.io-index"
checksum = "0dd7358ecb8fc2f8d014bf86f6f638ce72ba252a2c3a2572f2a795f1d23efb41"
dependencies = [
 "serde",
]

[[package]]
name = "toml_edit"
version = "0.22.22"
source = "registry+https://github.com/rust-lang/crates.io-index"
checksum = "4ae48d6208a266e853d946088ed816055e556cc6028c5e8e2b84d9fa5dd7c7f5"
dependencies = [
 "indexmap",
 "serde",
 "serde_spanned",
 "toml_datetime",
 "winnow",
]

[[package]]
name = "tracing"
version = "0.1.40"
source = "registry+https://github.com/rust-lang/crates.io-index"
checksum = "c3523ab5a71916ccf420eebdf5521fcef02141234bbc0b8a49f2fdc4544364ef"
dependencies = [
 "pin-project-lite",
 "tracing-core",
]

[[package]]
name = "tracing-core"
version = "0.1.32"
source = "registry+https://github.com/rust-lang/crates.io-index"
checksum = "c06d3da6113f116aaee68e4d601191614c9053067f9ab7f6edbcb161237daa54"
dependencies = [
 "once_cell",
 "valuable",
]

[[package]]
name = "tracing-log"
version = "0.1.4"
source = "registry+https://github.com/rust-lang/crates.io-index"
checksum = "f751112709b4e791d8ce53e32c4ed2d353565a795ce84da2285393f41557bdf2"
dependencies = [
 "log",
 "once_cell",
 "tracing-core",
]

[[package]]
name = "tracing-log"
version = "0.2.0"
source = "registry+https://github.com/rust-lang/crates.io-index"
checksum = "ee855f1f400bd0e5c02d150ae5de3840039a3f54b025156404e34c23c03f47c3"
dependencies = [
 "log",
 "once_cell",
 "tracing-core",
]

[[package]]
name = "tracing-subscriber"
version = "0.3.18"
source = "registry+https://github.com/rust-lang/crates.io-index"
checksum = "ad0f048c97dbd9faa9b7df56362b8ebcaa52adb06b498c050d2f4e32f90a7a8b"
dependencies = [
 "nu-ansi-term",
 "sharded-slab",
 "smallvec",
 "thread_local",
 "tracing-core",
 "tracing-log 0.2.0",
]

[[package]]
name = "tracing-tree"
version = "0.2.2"
source = "git+https://github.com/madsmtm/tracing-tree.git#f73270e52a46b1e6b86fa90fcd4db21c072a23b3"
dependencies = [
 "atty",
 "nu-ansi-term",
 "tracing-core",
 "tracing-log 0.1.4",
 "tracing-subscriber",
]

[[package]]
name = "trybuild"
version = "1.0.101"
source = "registry+https://github.com/rust-lang/crates.io-index"
checksum = "8dcd332a5496c026f1e14b7f3d2b7bd98e509660c04239c58b0ba38a12daded4"
dependencies = [
 "glob",
 "serde",
 "serde_derive",
 "serde_json",
 "target-triple",
 "termcolor",
 "toml",
]

[[package]]
name = "unicode-ident"
version = "1.0.13"
source = "registry+https://github.com/rust-lang/crates.io-index"
checksum = "e91b56cd4cadaeb79bbf1a5645f6b4f8dc5bde8834ad5894a8db35fda9efa1fe"

[[package]]
name = "valuable"
version = "0.1.0"
source = "registry+https://github.com/rust-lang/crates.io-index"
checksum = "830b7e5d4d90034032940e4ace0d9a9a057e7a45cd94e6c007832e39edb82f6d"

[[package]]
name = "winapi"
version = "0.3.9"
source = "registry+https://github.com/rust-lang/crates.io-index"
checksum = "5c839a674fcd7a98952e593242ea400abe93992746761e38641405d28b00f419"
dependencies = [
 "winapi-i686-pc-windows-gnu",
 "winapi-x86_64-pc-windows-gnu",
]

[[package]]
name = "winapi-i686-pc-windows-gnu"
version = "0.4.0"
source = "registry+https://github.com/rust-lang/crates.io-index"
checksum = "ac3b87c63620426dd9b991e5ce0329eff545bccbbb34f3be09ff6fb6ab51b7b6"

[[package]]
name = "winapi-util"
version = "0.1.9"
source = "registry+https://github.com/rust-lang/crates.io-index"
checksum = "cf221c93e13a30d793f7645a0e7762c55d169dbb0a49671918a2319d289b10bb"
dependencies = [
 "windows-sys 0.59.0",
]

[[package]]
name = "winapi-x86_64-pc-windows-gnu"
version = "0.4.0"
source = "registry+https://github.com/rust-lang/crates.io-index"
checksum = "712e227841d057c1ee1cd2fb22fa7e5a5461ae8e48fa2ca79ec42cfc1931183f"

[[package]]
name = "windows-sys"
version = "0.52.0"
source = "registry+https://github.com/rust-lang/crates.io-index"
checksum = "282be5f36a8ce781fad8c8ae18fa3f9beff57ec1b52cb3de0789201425d9a33d"
dependencies = [
 "windows-targets",
]

[[package]]
name = "windows-sys"
version = "0.59.0"
source = "registry+https://github.com/rust-lang/crates.io-index"
checksum = "1e38bc4d79ed67fd075bcc251a1c39b32a1776bbe92e5bef1f0bf1f8c531853b"
dependencies = [
 "windows-targets",
]

[[package]]
name = "windows-targets"
version = "0.52.6"
source = "registry+https://github.com/rust-lang/crates.io-index"
checksum = "9b724f72796e036ab90c1021d4780d4d3d648aca59e491e6b98e725b84e99973"
dependencies = [
 "windows_aarch64_gnullvm",
 "windows_aarch64_msvc",
 "windows_i686_gnu",
 "windows_i686_gnullvm",
 "windows_i686_msvc",
 "windows_x86_64_gnu",
 "windows_x86_64_gnullvm",
 "windows_x86_64_msvc",
]

[[package]]
name = "windows_aarch64_gnullvm"
version = "0.52.6"
source = "registry+https://github.com/rust-lang/crates.io-index"
checksum = "32a4622180e7a0ec044bb555404c800bc9fd9ec262ec147edd5989ccd0c02cd3"

[[package]]
name = "windows_aarch64_msvc"
version = "0.52.6"
source = "registry+https://github.com/rust-lang/crates.io-index"
checksum = "09ec2a7bb152e2252b53fa7803150007879548bc709c039df7627cabbd05d469"

[[package]]
name = "windows_i686_gnu"
version = "0.52.6"
source = "registry+https://github.com/rust-lang/crates.io-index"
checksum = "8e9b5ad5ab802e97eb8e295ac6720e509ee4c243f69d781394014ebfe8bbfa0b"

[[package]]
name = "windows_i686_gnullvm"
version = "0.52.6"
source = "registry+https://github.com/rust-lang/crates.io-index"
checksum = "0eee52d38c090b3caa76c563b86c3a4bd71ef1a819287c19d586d7334ae8ed66"

[[package]]
name = "windows_i686_msvc"
version = "0.52.6"
source = "registry+https://github.com/rust-lang/crates.io-index"
checksum = "240948bc05c5e7c6dabba28bf89d89ffce3e303022809e73deaefe4f6ec56c66"

[[package]]
name = "windows_x86_64_gnu"
version = "0.52.6"
source = "registry+https://github.com/rust-lang/crates.io-index"
checksum = "147a5c80aabfbf0c7d901cb5895d1de30ef2907eb21fbbab29ca94c5b08b1a78"

[[package]]
name = "windows_x86_64_gnullvm"
version = "0.52.6"
source = "registry+https://github.com/rust-lang/crates.io-index"
checksum = "24d5b23dc417412679681396f2b49f3de8c1473deb516bd34410872eff51ed0d"

[[package]]
name = "windows_x86_64_msvc"
version = "0.52.6"
source = "registry+https://github.com/rust-lang/crates.io-index"
checksum = "589f6da84c646204747d1270a2a5661ea66ed1cced2631d546fdfb155959f9ec"

[[package]]
name = "winnow"
version = "0.6.20"
source = "registry+https://github.com/rust-lang/crates.io-index"
checksum = "36c1fec1a2bb5866f07c25f68c26e565c4c200aebb96d7e55710c19d3e8ac49b"
dependencies = [
 "memchr",
]

[[package]]
name = "xdg"
version = "2.5.2"
source = "registry+https://github.com/rust-lang/crates.io-index"
checksum = "213b7324336b53d2414b2db8537e56544d981803139155afa84f76eeebb7a546"
